
Microsoft Visual Studio Solution File, Format Version 12.00
# Visual Studio Version 17
VisualStudioVersion = 17.9.34622.214
MinimumVisualStudioVersion = 10.0.40219.1
Project("{9A19103F-16F7-4668-BE54-9A1E7A4F7556}") = "FizzBuzz", "FizzBuzz\FizzBuzz.csproj", "{9A67F9FC-6749-4F71-BA0C-8222C9E6A4D3}"
EndProject
Project("{FAE04EC0-301F-11D3-BF4B-00C04F79EFBC}") = "Customized FizzBuzz", "Customized FizzBuzz\Customized FizzBuzz.csproj", "{BEB5A834-BC81-4C80-9D54-15F093517C88}"
EndProject
Project("{FAE04EC0-301F-11D3-BF4B-00C04F79EFBC}") = "FizzBuzz.Test", "FizzBuzz.Test\FizzBuzz.Test.csproj", "{0D242533-64EB-49C3-BC9F-30C5926AFE4B}"
EndProject
Global
	GlobalSection(SolutionConfigurationPlatforms) = preSolution
		Debug|Any CPU = Debug|Any CPU
		Release|Any CPU = Release|Any CPU
	EndGlobalSection
	GlobalSection(ProjectConfigurationPlatforms) = postSolution
		{9A67F9FC-6749-4F71-BA0C-8222C9E6A4D3}.Debug|Any CPU.ActiveCfg = Debug|Any CPU
		{9A67F9FC-6749-4F71-BA0C-8222C9E6A4D3}.Debug|Any CPU.Build.0 = Debug|Any CPU
		{9A67F9FC-6749-4F71-BA0C-8222C9E6A4D3}.Release|Any CPU.ActiveCfg = Release|Any CPU
		{9A67F9FC-6749-4F71-BA0C-8222C9E6A4D3}.Release|Any CPU.Build.0 = Release|Any CPU
		{BEB5A834-BC81-4C80-9D54-15F093517C88}.Debug|Any CPU.ActiveCfg = Debug|Any CPU
		{BEB5A834-BC81-4C80-9D54-15F093517C88}.Debug|Any CPU.Build.0 = Debug|Any CPU
		{BEB5A834-BC81-4C80-9D54-15F093517C88}.Release|Any CPU.ActiveCfg = Release|Any CPU
		{BEB5A834-BC81-4C80-9D54-15F093517C88}.Release|Any CPU.Build.0 = Release|Any CPU
		{0D242533-64EB-49C3-BC9F-30C5926AFE4B}.Debug|Any CPU.ActiveCfg = Debug|Any CPU
		{0D242533-64EB-49C3-BC9F-30C5926AFE4B}.Debug|Any CPU.Build.0 = Debug|Any CPU
		{0D242533-64EB-49C3-BC9F-30C5926AFE4B}.Release|Any CPU.ActiveCfg = Release|Any CPU
		{0D242533-64EB-49C3-BC9F-30C5926AFE4B}.Release|Any CPU.Build.0 = Release|Any CPU
	EndGlobalSection
	GlobalSection(SolutionProperties) = preSolution
		HideSolutionNode = FALSE
	EndGlobalSection
	GlobalSection(ExtensibilityGlobals) = postSolution
		SolutionGuid = {FEB4D2D5-4041-4C13-85EC-1698A489291C}
	EndGlobalSection
EndGlobal
